
Microsoft Visual Studio Solution File, Format Version 12.00
# Visual Studio Version 16
VisualStudioVersion = 16.0.31005.135
MinimumVisualStudioVersion = 10.0.40219.1
Project("{FAE04EC0-301F-11D3-BF4B-00C04F79EFBC}") = "web-app-asp-net-mvc-html", "web-app-asp-net-mvc-html.csproj", "{84D2E877-7088-4BEF-A901-6F19243CCBEA}"
EndProject
Global
	GlobalSection(SolutionConfigurationPlatforms) = preSolution
		Debug|Any CPU = Debug|Any CPU
		Release|Any CPU = Release|Any CPU
	EndGlobalSection
	GlobalSection(ProjectConfigurationPlatforms) = postSolution
		{84D2E877-7088-4BEF-A901-6F19243CCBEA}.Debug|Any CPU.ActiveCfg = Debug|Any CPU
		{84D2E877-7088-4BEF-A901-6F19243CCBEA}.Debug|Any CPU.Build.0 = Debug|Any CPU
		{84D2E877-7088-4BEF-A901-6F19243CCBEA}.Release|Any CPU.ActiveCfg = Release|Any CPU
		{84D2E877-7088-4BEF-A901-6F19243CCBEA}.Release|Any CPU.Build.0 = Release|Any CPU
	EndGlobalSection
	GlobalSection(SolutionProperties) = preSolution
		HideSolutionNode = FALSE
	EndGlobalSection
	GlobalSection(ExtensibilityGlobals) = postSolution
		SolutionGuid = {B4B3A623-DD65-4679-9832-D19BE8124863}
	EndGlobalSection
EndGlobal
